
Microsoft Visual Studio Solution File, Format Version 12.00
# Visual Studio Version 17
VisualStudioVersion = 17.4.33213.308
MinimumVisualStudioVersion = 10.0.40219.1
Project("{FAE04EC0-301F-11D3-BF4B-00C04F79EFBC}") = "PhotoCopier", "PhotoCopier\PhotoCopier.csproj", "{CA73DF71-83CB-4485-B827-1C00A146A720}"
EndProject
Global
	GlobalSection(SolutionConfigurationPlatforms) = preSolution
		Debug|Any CPU = Debug|Any CPU
		Release|Any CPU = Release|Any CPU
	EndGlobalSection
	GlobalSection(ProjectConfigurationPlatforms) = postSolution
		{CA73DF71-83CB-4485-B827-1C00A146A720}.Debug|Any CPU.ActiveCfg = Debug|Any CPU
		{CA73DF71-83CB-4485-B827-1C00A146A720}.Debug|Any CPU.Build.0 = Debug|Any CPU
		{CA73DF71-83CB-4485-B827-1C00A146A720}.Release|Any CPU.ActiveCfg = Release|Any CPU
		{CA73DF71-83CB-4485-B827-1C00A146A720}.Release|Any CPU.Build.0 = Release|Any CPU
	EndGlobalSection
	GlobalSection(SolutionProperties) = preSolution
		HideSolutionNode = FALSE
	EndGlobalSection
	GlobalSection(ExtensibilityGlobals) = postSolution
		SolutionGuid = {AB37C022-4A1D-4193-BCA3-0D38C577B6F2}
	EndGlobalSection
EndGlobal
